
Microsoft Visual Studio Solution File, Format Version 12.00
# Visual Studio Version 16
VisualStudioVersion = 16.0.29201.188
MinimumVisualStudioVersion = 10.0.40219.1
Project("{FAE04EC0-301F-11D3-BF4B-00C04F79EFBC}") = "AnimalHouse", "AnimalHouse\AnimalHouse.csproj", "{F01D64E9-AE63-4D81-ADEB-B0F6341589C6}"
EndProject
Project("{FAE04EC0-301F-11D3-BF4B-00C04F79EFBC}") = "AnimalHouse.Test", "AnimalHouse.Test\AnimalHouse.Test.csproj", "{C49CEC98-E043-4B08-AEAE-48C4C8790EF1}"
EndProject
Project("{FAE04EC0-301F-11D3-BF4B-00C04F79EFBC}") = "AnimalHouseAPI", "AnimalHouseAPI\AnimalHouseAPI.csproj", "{95B3A33C-2107-4E37-9793-052C38994166}"
EndProject
Project("{FAE04EC0-301F-11D3-BF4B-00C04F79EFBC}") = "AnimalHouseAPI.Tests", "AnimalHouseAPI.Tests\AnimalHouseAPI.Tests.csproj", "{30482937-A5D4-4037-8E68-176FC762CE3B}"
EndProject
Global
	GlobalSection(SolutionConfigurationPlatforms) = preSolution
		Debug|Any CPU = Debug|Any CPU
		Release|Any CPU = Release|Any CPU
	EndGlobalSection
	GlobalSection(ProjectConfigurationPlatforms) = postSolution
		{F01D64E9-AE63-4D81-ADEB-B0F6341589C6}.Debug|Any CPU.ActiveCfg = Debug|Any CPU
		{F01D64E9-AE63-4D81-ADEB-B0F6341589C6}.Debug|Any CPU.Build.0 = Debug|Any CPU
		{F01D64E9-AE63-4D81-ADEB-B0F6341589C6}.Release|Any CPU.ActiveCfg = Release|Any CPU
		{F01D64E9-AE63-4D81-ADEB-B0F6341589C6}.Release|Any CPU.Build.0 = Release|Any CPU
		{C49CEC98-E043-4B08-AEAE-48C4C8790EF1}.Debug|Any CPU.ActiveCfg = Debug|Any CPU
		{C49CEC98-E043-4B08-AEAE-48C4C8790EF1}.Debug|Any CPU.Build.0 = Debug|Any CPU
		{C49CEC98-E043-4B08-AEAE-48C4C8790EF1}.Release|Any CPU.ActiveCfg = Release|Any CPU
		{C49CEC98-E043-4B08-AEAE-48C4C8790EF1}.Release|Any CPU.Build.0 = Release|Any CPU
		{95B3A33C-2107-4E37-9793-052C38994166}.Debug|Any CPU.ActiveCfg = Debug|Any CPU
		{95B3A33C-2107-4E37-9793-052C38994166}.Debug|Any CPU.Build.0 = Debug|Any CPU
		{95B3A33C-2107-4E37-9793-052C38994166}.Release|Any CPU.ActiveCfg = Release|Any CPU
		{95B3A33C-2107-4E37-9793-052C38994166}.Release|Any CPU.Build.0 = Release|Any CPU
		{30482937-A5D4-4037-8E68-176FC762CE3B}.Debug|Any CPU.ActiveCfg = Debug|Any CPU
		{30482937-A5D4-4037-8E68-176FC762CE3B}.Debug|Any CPU.Build.0 = Debug|Any CPU
		{30482937-A5D4-4037-8E68-176FC762CE3B}.Release|Any CPU.ActiveCfg = Release|Any CPU
		{30482937-A5D4-4037-8E68-176FC762CE3B}.Release|Any CPU.Build.0 = Release|Any CPU
	EndGlobalSection
	GlobalSection(SolutionProperties) = preSolution
		HideSolutionNode = FALSE
	EndGlobalSection
	GlobalSection(ExtensibilityGlobals) = postSolution
		SolutionGuid = {ECD23828-0511-4BBC-B636-B277EABFCE1B}
	EndGlobalSection
EndGlobal
